{
  "name": "codex-diagnose-safe",
  "version": "1.5.0",
  "lockfileVersion": 3,
  "requires": true,
  "packages": {
    "": {
      "name": "codex-diagnose-safe",
      "version": "1.5.0",
      "license": "MIT",
      "bin": {
        "codex-diagnose": "src/cli.js"
      },
      "engines": {
        "node": ">=22.22.2 <23 || >=24.19.0 <25"
      }
    }
  }
}
